
Microsoft Visual Studio Solution File, Format Version 12.00
# Visual Studio Version 16
VisualStudioVersion = 16.0.28803.202
MinimumVisualStudioVersion = 10.0.40219.1
Project("{FAE04EC0-301F-11D3-BF4B-00C04F79EFBC}") = "IsingSimulation", "IsingModel\IsingSimulation.csproj", "{2F2F9E75-10DD-43C8-AE5C-E64FAA3A4DF6}"
EndProject
Global
	GlobalSection(SolutionConfigurationPlatforms) = preSolution
		Debug|Any CPU = Debug|Any CPU
		Release|Any CPU = Release|Any CPU
	EndGlobalSection
	GlobalSection(ProjectConfigurationPlatforms) = postSolution
		{2F2F9E75-10DD-43C8-AE5C-E64FAA3A4DF6}.Debug|Any CPU.ActiveCfg = Debug|Any CPU
		{2F2F9E75-10DD-43C8-AE5C-E64FAA3A4DF6}.Debug|Any CPU.Build.0 = Debug|Any CPU
		{2F2F9E75-10DD-43C8-AE5C-E64FAA3A4DF6}.Release|Any CPU.ActiveCfg = Release|Any CPU
		{2F2F9E75-10DD-43C8-AE5C-E64FAA3A4DF6}.Release|Any CPU.Build.0 = Release|Any CPU
	EndGlobalSection
	GlobalSection(SolutionProperties) = preSolution
		HideSolutionNode = FALSE
	EndGlobalSection
	GlobalSection(ExtensibilityGlobals) = postSolution
		SolutionGuid = {A1133E44-F7AD-44B4-A4DB-42516B363EF9}
	EndGlobalSection
EndGlobal
